
Microsoft Visual Studio Solution File, Format Version 12.00
# Visual Studio Version 17
VisualStudioVersion = 17.14.36804.6 d17.14
MinimumVisualStudioVersion = 10.0.40219.1
Project("{FAE04EC0-301F-11D3-BF4B-00C04F79EFBC}") = "Quantum.Web", "Quantum_Circuit_WebApp\Quantum.Web.csproj", "{E8D2D944-6846-41AD-8F0E-6D4C639A9B72}"
EndProject
Project("{FAE04EC0-301F-11D3-BF4B-00C04F79EFBC}") = "Quantum.Core", "Quantum.Core\Quantum.Core.csproj", "{5BFDECDA-0424-4EBB-8AE4-665BA1C0F8AB}"
EndProject
Global
	GlobalSection(SolutionConfigurationPlatforms) = preSolution
		Debug|Any CPU = Debug|Any CPU
		Release|Any CPU = Release|Any CPU
	EndGlobalSection
	GlobalSection(ProjectConfigurationPlatforms) = postSolution
		{E8D2D944-6846-41AD-8F0E-6D4C639A9B72}.Debug|Any CPU.ActiveCfg = Debug|Any CPU
		{E8D2D944-6846-41AD-8F0E-6D4C639A9B72}.Debug|Any CPU.Build.0 = Debug|Any CPU
		{E8D2D944-6846-41AD-8F0E-6D4C639A9B72}.Release|Any CPU.ActiveCfg = Release|Any CPU
		{E8D2D944-6846-41AD-8F0E-6D4C639A9B72}.Release|Any CPU.Build.0 = Release|Any CPU
		{5BFDECDA-0424-4EBB-8AE4-665BA1C0F8AB}.Debug|Any CPU.ActiveCfg = Debug|Any CPU
		{5BFDECDA-0424-4EBB-8AE4-665BA1C0F8AB}.Debug|Any CPU.Build.0 = Debug|Any CPU
		{5BFDECDA-0424-4EBB-8AE4-665BA1C0F8AB}.Release|Any CPU.ActiveCfg = Release|Any CPU
		{5BFDECDA-0424-4EBB-8AE4-665BA1C0F8AB}.Release|Any CPU.Build.0 = Release|Any CPU
	EndGlobalSection
	GlobalSection(SolutionProperties) = preSolution
		HideSolutionNode = FALSE
	EndGlobalSection
	GlobalSection(ExtensibilityGlobals) = postSolution
		SolutionGuid = {1FBCB5F1-8F31-4DAA-8C65-F0630C30F2EA}
	EndGlobalSection
EndGlobal
